
Microsoft Visual Studio Solution File, Format Version 12.00
# Visual Studio Version 17
VisualStudioVersion = 17.5.002.0
MinimumVisualStudioVersion = 10.0.40219.1
Project("{9A19103F-16F7-4668-BE54-9A1E7A4F7556}") = "minimum-falling-path-sum-ii", "minimum-falling-path-sum-ii\minimum-falling-path-sum-ii.csproj", "{64715298-1132-430A-9187-5153B07FD948}"
EndProject
Global
	GlobalSection(SolutionConfigurationPlatforms) = preSolution
		Debug|Any CPU = Debug|Any CPU
		Release|Any CPU = Release|Any CPU
	EndGlobalSection
	GlobalSection(ProjectConfigurationPlatforms) = postSolution
		{64715298-1132-430A-9187-5153B07FD948}.Debug|Any CPU.ActiveCfg = Debug|Any CPU
		{64715298-1132-430A-9187-5153B07FD948}.Debug|Any CPU.Build.0 = Debug|Any CPU
		{64715298-1132-430A-9187-5153B07FD948}.Release|Any CPU.ActiveCfg = Release|Any CPU
		{64715298-1132-430A-9187-5153B07FD948}.Release|Any CPU.Build.0 = Release|Any CPU
	EndGlobalSection
	GlobalSection(SolutionProperties) = preSolution
		HideSolutionNode = FALSE
	EndGlobalSection
	GlobalSection(ExtensibilityGlobals) = postSolution
		SolutionGuid = {304A2023-9070-4DE6-8D0B-EA54B822D20D}
	EndGlobalSection
EndGlobal
